
Microsoft Visual Studio Solution File, Format Version 12.00
# Visual Studio 15
VisualStudioVersion = 15.0.27703.2000
MinimumVisualStudioVersion = 10.0.40219.1
Project("{FAE04EC0-301F-11D3-BF4B-00C04F79EFBC}") = "8086Emulator", "8086Emulator\8086Emulator.csproj", "{2287CD2E-698C-40E1-99A3-6EE1F357B4B1}"
EndProject
Global
	GlobalSection(SolutionConfigurationPlatforms) = preSolution
		Debug|Any CPU = Debug|Any CPU
		Release|Any CPU = Release|Any CPU
	EndGlobalSection
	GlobalSection(ProjectConfigurationPlatforms) = postSolution
		{2287CD2E-698C-40E1-99A3-6EE1F357B4B1}.Debug|Any CPU.ActiveCfg = Debug|Any CPU
		{2287CD2E-698C-40E1-99A3-6EE1F357B4B1}.Debug|Any CPU.Build.0 = Debug|Any CPU
		{2287CD2E-698C-40E1-99A3-6EE1F357B4B1}.Release|Any CPU.ActiveCfg = Release|Any CPU
		{2287CD2E-698C-40E1-99A3-6EE1F357B4B1}.Release|Any CPU.Build.0 = Release|Any CPU
	EndGlobalSection
	GlobalSection(SolutionProperties) = preSolution
		HideSolutionNode = FALSE
	EndGlobalSection
	GlobalSection(ExtensibilityGlobals) = postSolution
		SolutionGuid = {15D30BD1-69A1-4CBA-9603-BC32992EA623}
	EndGlobalSection
EndGlobal
